
Microsoft Visual Studio Solution File, Format Version 12.00
# Visual Studio Version 17
VisualStudioVersion = 17.9.34701.34
MinimumVisualStudioVersion = 10.0.40219.1
Project("{FAE04EC0-301F-11D3-BF4B-00C04F79EFBC}") = "Cat'sCradle", "Cat'sCradle\Cat'sCradle.csproj", "{CFE021AD-8908-4F4E-83F7-D57708C18D85}"
EndProject
Global
	GlobalSection(SolutionConfigurationPlatforms) = preSolution
		Debug|Any CPU = Debug|Any CPU
		Release|Any CPU = Release|Any CPU
	EndGlobalSection
	GlobalSection(ProjectConfigurationPlatforms) = postSolution
		{CFE021AD-8908-4F4E-83F7-D57708C18D85}.Debug|Any CPU.ActiveCfg = Debug|Any CPU
		{CFE021AD-8908-4F4E-83F7-D57708C18D85}.Debug|Any CPU.Build.0 = Debug|Any CPU
		{CFE021AD-8908-4F4E-83F7-D57708C18D85}.Release|Any CPU.ActiveCfg = Release|Any CPU
		{CFE021AD-8908-4F4E-83F7-D57708C18D85}.Release|Any CPU.Build.0 = Release|Any CPU
	EndGlobalSection
	GlobalSection(SolutionProperties) = preSolution
		HideSolutionNode = FALSE
	EndGlobalSection
	GlobalSection(ExtensibilityGlobals) = postSolution
		SolutionGuid = {2D7785B1-A5AF-4DE5-A3B5-4722AC7F5AF0}
	EndGlobalSection
EndGlobal
